
Microsoft Visual Studio Solution File, Format Version 12.00
# Visual Studio Version 17
VisualStudioVersion = 17.11.35327.3
MinimumVisualStudioVersion = 10.0.40219.1
Project("{FAE04EC0-301F-11D3-BF4B-00C04F79EFBC}") = "Pharma", "Pharma.csproj", "{B22DA54B-8F3E-401F-B6A3-A78370B22590}"
EndProject
Global
	GlobalSection(SolutionConfigurationPlatforms) = preSolution
		Debug|Any CPU = Debug|Any CPU
		Release|Any CPU = Release|Any CPU
	EndGlobalSection
	GlobalSection(ProjectConfigurationPlatforms) = postSolution
		{B22DA54B-8F3E-401F-B6A3-A78370B22590}.Debug|Any CPU.ActiveCfg = Debug|Any CPU
		{B22DA54B-8F3E-401F-B6A3-A78370B22590}.Debug|Any CPU.Build.0 = Debug|Any CPU
		{B22DA54B-8F3E-401F-B6A3-A78370B22590}.Release|Any CPU.ActiveCfg = Release|Any CPU
		{B22DA54B-8F3E-401F-B6A3-A78370B22590}.Release|Any CPU.Build.0 = Release|Any CPU
	EndGlobalSection
	GlobalSection(SolutionProperties) = preSolution
		HideSolutionNode = FALSE
	EndGlobalSection
	GlobalSection(ExtensibilityGlobals) = postSolution
		SolutionGuid = {4F973063-8C7A-4E37-B55E-F3D4C411E2F2}
	EndGlobalSection
EndGlobal
